
Microsoft Visual Studio Solution File, Format Version 12.00
# Visual Studio Version 16
VisualStudioVersion = 16.0.31515.178
MinimumVisualStudioVersion = 10.0.40219.1
Project("{FAE04EC0-301F-11D3-BF4B-00C04F79EFBC}") = "MinMax", "MinMax\MinMax.csproj", "{EF138302-BA09-4219-A13A-1A82F6901DBF}"
EndProject
Global
	GlobalSection(SolutionConfigurationPlatforms) = preSolution
		Debug|Any CPU = Debug|Any CPU
		Release|Any CPU = Release|Any CPU
	EndGlobalSection
	GlobalSection(ProjectConfigurationPlatforms) = postSolution
		{EF138302-BA09-4219-A13A-1A82F6901DBF}.Debug|Any CPU.ActiveCfg = Debug|Any CPU
		{EF138302-BA09-4219-A13A-1A82F6901DBF}.Debug|Any CPU.Build.0 = Debug|Any CPU
		{EF138302-BA09-4219-A13A-1A82F6901DBF}.Release|Any CPU.ActiveCfg = Release|Any CPU
		{EF138302-BA09-4219-A13A-1A82F6901DBF}.Release|Any CPU.Build.0 = Release|Any CPU
	EndGlobalSection
	GlobalSection(SolutionProperties) = preSolution
		HideSolutionNode = FALSE
	EndGlobalSection
	GlobalSection(ExtensibilityGlobals) = postSolution
		SolutionGuid = {AFAE2A50-86CB-4280-BCA8-89F5A1A4A7A0}
	EndGlobalSection
EndGlobal
