
Microsoft Visual Studio Solution File, Format Version 12.00
# Visual Studio Version 16
VisualStudioVersion = 16.0.31515.178
MinimumVisualStudioVersion = 10.0.40219.1
Project("{FAE04EC0-301F-11D3-BF4B-00C04F79EFBC}") = "Voting Age", "Voting Age\Voting Age.csproj", "{B7ED66F8-4A51-41F8-938C-8D25F414CD58}"
EndProject
Global
	GlobalSection(SolutionConfigurationPlatforms) = preSolution
		Debug|Any CPU = Debug|Any CPU
		Release|Any CPU = Release|Any CPU
	EndGlobalSection
	GlobalSection(ProjectConfigurationPlatforms) = postSolution
		{B7ED66F8-4A51-41F8-938C-8D25F414CD58}.Debug|Any CPU.ActiveCfg = Debug|Any CPU
		{B7ED66F8-4A51-41F8-938C-8D25F414CD58}.Debug|Any CPU.Build.0 = Debug|Any CPU
		{B7ED66F8-4A51-41F8-938C-8D25F414CD58}.Release|Any CPU.ActiveCfg = Release|Any CPU
		{B7ED66F8-4A51-41F8-938C-8D25F414CD58}.Release|Any CPU.Build.0 = Release|Any CPU
	EndGlobalSection
	GlobalSection(SolutionProperties) = preSolution
		HideSolutionNode = FALSE
	EndGlobalSection
	GlobalSection(ExtensibilityGlobals) = postSolution
		SolutionGuid = {E7C9354C-FEC9-4BEA-9BC2-1DC5B0D9A67B}
	EndGlobalSection
EndGlobal
